{
  "name": "authorizer",
  "lockfileVersion": 3,
  "requires": true,
  "packages": {
    "": {
      "name": "authorizer",
      "dependencies": {
        "@types/aws-lambda": "^8.10.72",
        "aws-jwt-verify": "^4.0.0"
      }
    },
    "node_modules/@types/aws-lambda": {
      "version": "8.10.137",
      "resolved": "https://registry.npmjs.org/@types/aws-lambda/-/aws-lambda-8.10.137.tgz",
      "integrity": "sha512-YNFwzVarXAOXkjuFxONyDw1vgRNzyH8AuyN19s0bM+ChSu/bzxb5XPxYFLXoqoM+tvgzwR3k7fXcEOW125yJxg=="
    },
    "node_modules/aws-jwt-verify": {
      "version": "4.0.1",
      "resolved": "https://registry.npmjs.org/aws-jwt-verify/-/aws-jwt-verify-4.0.1.tgz",
      "integrity": "sha512-kzvi71eD3w/mCpYRUY7cz6DX4bfYihGdI2yV3FYQ2JuZZenqAqDPz0gWj0ew6vlAtdEVBNb7p+Dm2TAIxpVYMA==",
      "engines": {
        "node": ">=14.0.0"
      }
    }
  }
}
